
Microsoft Visual Studio Solution File, Format Version 12.00
# Visual Studio 15
VisualStudioVersion = 15.0.28010.2003
MinimumVisualStudioVersion = 10.0.40219.1
Project("{FAE04EC0-301F-11D3-BF4B-00C04F79EFBC}") = "Week 2 Homework", "Week 2 Homework\Week 2 Homework.csproj", "{CBB5000A-1A7D-46CE-BE29-5990F5D0A784}"
EndProject
Global
	GlobalSection(SolutionConfigurationPlatforms) = preSolution
		Debug|Any CPU = Debug|Any CPU
		Release|Any CPU = Release|Any CPU
	EndGlobalSection
	GlobalSection(ProjectConfigurationPlatforms) = postSolution
		{CBB5000A-1A7D-46CE-BE29-5990F5D0A784}.Debug|Any CPU.ActiveCfg = Debug|Any CPU
		{CBB5000A-1A7D-46CE-BE29-5990F5D0A784}.Debug|Any CPU.Build.0 = Debug|Any CPU
		{CBB5000A-1A7D-46CE-BE29-5990F5D0A784}.Release|Any CPU.ActiveCfg = Release|Any CPU
		{CBB5000A-1A7D-46CE-BE29-5990F5D0A784}.Release|Any CPU.Build.0 = Release|Any CPU
	EndGlobalSection
	GlobalSection(SolutionProperties) = preSolution
		HideSolutionNode = FALSE
	EndGlobalSection
	GlobalSection(ExtensibilityGlobals) = postSolution
		SolutionGuid = {111CC200-4F3B-4449-A4F9-7BAD15F002A9}
	EndGlobalSection
EndGlobal
